
Microsoft Visual Studio Solution File, Format Version 12.00
# Visual Studio Version 16
VisualStudioVersion = 16.0.30011.22
MinimumVisualStudioVersion = 10.0.40219.1
Project("{FAE04EC0-301F-11D3-BF4B-00C04F79EFBC}") = "KT20_59131580", "KT20_59131580.csproj", "{29C51F0A-1328-48BC-B143-1F0B6F96D80A}"
EndProject
Global
	GlobalSection(SolutionConfigurationPlatforms) = preSolution
		Debug|Any CPU = Debug|Any CPU
		Release|Any CPU = Release|Any CPU
	EndGlobalSection
	GlobalSection(ProjectConfigurationPlatforms) = postSolution
		{29C51F0A-1328-48BC-B143-1F0B6F96D80A}.Debug|Any CPU.ActiveCfg = Debug|Any CPU
		{29C51F0A-1328-48BC-B143-1F0B6F96D80A}.Debug|Any CPU.Build.0 = Debug|Any CPU
		{29C51F0A-1328-48BC-B143-1F0B6F96D80A}.Release|Any CPU.ActiveCfg = Release|Any CPU
		{29C51F0A-1328-48BC-B143-1F0B6F96D80A}.Release|Any CPU.Build.0 = Release|Any CPU
	EndGlobalSection
	GlobalSection(SolutionProperties) = preSolution
		HideSolutionNode = FALSE
	EndGlobalSection
	GlobalSection(ExtensibilityGlobals) = postSolution
		SolutionGuid = {0E2131F0-65A2-4988-83F2-0D316B6D07E2}
	EndGlobalSection
EndGlobal
